
Microsoft Visual Studio Solution File, Format Version 12.00
# Visual Studio Version 17
VisualStudioVersion = 17.4.33205.214
MinimumVisualStudioVersion = 10.0.40219.1
Project("{888888A0-9F3D-457C-B088-3A5042F75D52}") = "riigid", "riigid.pyproj", "{50807C33-F1BE-4993-A7CE-37F15E775A67}"
EndProject
Global
	GlobalSection(SolutionConfigurationPlatforms) = preSolution
		Debug|Any CPU = Debug|Any CPU
		Release|Any CPU = Release|Any CPU
	EndGlobalSection
	GlobalSection(ProjectConfigurationPlatforms) = postSolution
		{50807C33-F1BE-4993-A7CE-37F15E775A67}.Debug|Any CPU.ActiveCfg = Debug|Any CPU
		{50807C33-F1BE-4993-A7CE-37F15E775A67}.Release|Any CPU.ActiveCfg = Release|Any CPU
	EndGlobalSection
	GlobalSection(SolutionProperties) = preSolution
		HideSolutionNode = FALSE
	EndGlobalSection
	GlobalSection(ExtensibilityGlobals) = postSolution
		SolutionGuid = {13E98CD3-1782-47E5-BD47-E6E952CD45BD}
	EndGlobalSection
EndGlobal
